{
  "version": 4,
  "terraform_version": "1.5.5",
  "serial": 9,
  "lineage": "1028840b-16bd-7ac9-0399-1f5760f516cc",
  "outputs": {},
  "resources": [
    {
      "module": "module.opensearch_ec2",
      "mode": "data",
      "type": "aws_iam_policy_document",
      "name": "assume_ec2",
      "provider": "provider[\"registry.terraform.io/hashicorp/aws\"]",
      "instances": [
        {
          "schema_version": 0,
          "attributes": {
            "id": "2851119427",
            "json": "{\n  \"Version\": \"2012-10-17\",\n  \"Statement\": [\n    {\n      \"Effect\": \"Allow\",\n      \"Action\": \"sts:AssumeRole\",\n      \"Principal\": {\n        \"Service\": \"ec2.amazonaws.com\"\n      }\n    }\n  ]\n}",
            "minified_json": "{\"Version\":\"2012-10-17\",\"Statement\":[{\"Effect\":\"Allow\",\"Action\":\"sts:AssumeRole\",\"Principal\":{\"Service\":\"ec2.amazonaws.com\"}}]}",
            "override_json": null,
            "override_policy_documents": null,
            "policy_id": null,
            "source_json": null,
            "source_policy_documents": null,
            "statement": [
              {
                "actions": [
                  "sts:AssumeRole"
                ],
                "condition": [],
                "effect": "Allow",
                "not_actions": [],
                "not_principals": [],
                "not_resources": [],
                "principals": [
                  {
                    "identifiers": [
                      "ec2.amazonaws.com"
                    ],
                    "type": "Service"
                  }
                ],
                "resources": [],
                "sid": ""
              }
            ],
            "version": "2012-10-17"
          },
          "sensitive_attributes": []
        }
      ]
    },
    {
      "module": "module.opensearch_ec2",
      "mode": "data",
      "type": "aws_iam_policy_document",
      "name": "describe_ec2",
      "provider": "provider[\"registry.terraform.io/hashicorp/aws\"]",
      "instances": [
        {
          "schema_version": 0,
          "attributes": {
            "id": "3346269908",
            "json": "{\n  \"Version\": \"2012-10-17\",\n  \"Statement\": [\n    {\n      \"Effect\": \"Allow\",\n      \"Action\": \"ec2:DescribeInstances\",\n      \"Resource\": \"*\"\n    }\n  ]\n}",
            "minified_json": "{\"Version\":\"2012-10-17\",\"Statement\":[{\"Effect\":\"Allow\",\"Action\":\"ec2:DescribeInstances\",\"Resource\":\"*\"}]}",
            "override_json": null,
            "override_policy_documents": null,
            "policy_id": null,
            "source_json": null,
            "source_policy_documents": null,
            "statement": [
              {
                "actions": [
                  "ec2:DescribeInstances"
                ],
                "condition": [],
                "effect": "Allow",
                "not_actions": [],
                "not_principals": [],
                "not_resources": [],
                "principals": [],
                "resources": [
                  "*"
                ],
                "sid": ""
              }
            ],
            "version": "2012-10-17"
          },
          "sensitive_attributes": []
        }
      ]
    },
    {
      "module": "module.opensearch_ec2",
      "mode": "data",
      "type": "aws_subnet",
      "name": "selected",
      "provider": "provider[\"registry.terraform.io/hashicorp/aws\"]",
      "instances": [
        {
          "schema_version": 0,
          "attributes": {
            "arn": "arn:aws:ec2:us-east-1:034926093461:subnet/subnet-008092de0af41925a",
            "assign_ipv6_address_on_creation": false,
            "availability_zone": "us-east-1d",
            "availability_zone_id": "use1-az4",
            "available_ip_address_count": 4090,
            "cidr_block": "172.31.16.0/20",
            "customer_owned_ipv4_pool": "",
            "default_for_az": true,
            "enable_dns64": false,
            "enable_lni_at_device_index": 0,
            "enable_resource_name_dns_a_record_on_launch": false,
            "enable_resource_name_dns_aaaa_record_on_launch": false,
            "filter": null,
            "id": "subnet-008092de0af41925a",
            "ipv6_cidr_block": "",
            "ipv6_cidr_block_association_id": "",
            "ipv6_native": false,
            "map_customer_owned_ip_on_launch": false,
            "map_public_ip_on_launch": true,
            "outpost_arn": "",
            "owner_id": "034926093461",
            "private_dns_hostname_type_on_launch": "ip-name",
            "region": "us-east-1",
            "state": "available",
            "tags": {},
            "timeouts": null,
            "vpc_id": "vpc-07c643dd2f0f0781a"
          },
          "sensitive_attributes": []
        }
      ]
    },
    {
      "module": "module.opensearch_ec2",
      "mode": "managed",
      "type": "aws_iam_instance_profile",
      "name": "node",
      "provider": "provider[\"registry.terraform.io/hashicorp/aws\"]",
      "instances": [
        {
          "schema_version": 0,
          "attributes": {
            "arn": "arn:aws:iam::034926093461:instance-profile/opensearch-instance-profile",
            "create_date": "2025-08-13T10:04:01Z",
            "id": "opensearch-instance-profile",
            "name": "opensearch-instance-profile",
            "name_prefix": "",
            "path": "/",
            "role": "opensearch-node-role",
            "tags": null,
            "tags_all": {},
            "unique_id": "AIPAQQIOB4SK7ID4USHS4"
          },
          "sensitive_attributes": [],
          "private": "bnVsbA==",
          "dependencies": [
            "module.opensearch_ec2.aws_iam_role.node",
            "module.opensearch_ec2.data.aws_iam_policy_document.assume_ec2"
          ]
        }
      ]
    },
    {
      "module": "module.opensearch_ec2",
      "mode": "managed",
      "type": "aws_iam_policy",
      "name": "describe_ec2",
      "provider": "provider[\"registry.terraform.io/hashicorp/aws\"]",
      "instances": [
        {
          "schema_version": 0,
          "attributes": {
            "arn": "arn:aws:iam::034926093461:policy/opensearch-describe-ec2",
            "attachment_count": 0,
            "description": "",
            "id": "arn:aws:iam::034926093461:policy/opensearch-describe-ec2",
            "name": "opensearch-describe-ec2",
            "name_prefix": "",
            "path": "/",
            "policy": "{\"Statement\":[{\"Action\":\"ec2:DescribeInstances\",\"Effect\":\"Allow\",\"Resource\":\"*\"}],\"Version\":\"2012-10-17\"}",
            "policy_id": "ANPAQQIOB4SKQGW7SKWWD",
            "tags": null,
            "tags_all": {}
          },
          "sensitive_attributes": [],
          "private": "bnVsbA==",
          "dependencies": [
            "module.opensearch_ec2.data.aws_iam_policy_document.describe_ec2"
          ]
        }
      ]
    },
    {
      "module": "module.opensearch_ec2",
      "mode": "managed",
      "type": "aws_iam_role",
      "name": "node",
      "provider": "provider[\"registry.terraform.io/hashicorp/aws\"]",
      "instances": [
        {
          "schema_version": 0,
          "attributes": {
            "arn": "arn:aws:iam::034926093461:role/opensearch-node-role",
            "assume_role_policy": "{\"Statement\":[{\"Action\":\"sts:AssumeRole\",\"Effect\":\"Allow\",\"Principal\":{\"Service\":\"ec2.amazonaws.com\"}}],\"Version\":\"2012-10-17\"}",
            "create_date": "2025-08-13T10:04:00Z",
            "description": "",
            "force_detach_policies": false,
            "id": "opensearch-node-role",
            "inline_policy": [],
            "managed_policy_arns": [],
            "max_session_duration": 3600,
            "name": "opensearch-node-role",
            "name_prefix": "",
            "path": "/",
            "permissions_boundary": "",
            "tags": null,
            "tags_all": {},
            "unique_id": "AROAQQIOB4SKYJPDPX6C3"
          },
          "sensitive_attributes": [],
          "private": "bnVsbA==",
          "dependencies": [
            "module.opensearch_ec2.data.aws_iam_policy_document.assume_ec2"
          ]
        }
      ]
    },
    {
      "module": "module.opensearch_ec2",
      "mode": "managed",
      "type": "aws_iam_role_policy_attachment",
      "name": "attach",
      "provider": "provider[\"registry.terraform.io/hashicorp/aws\"]",
      "instances": [
        {
          "schema_version": 0,
          "attributes": {
            "id": "opensearch-node-role/arn:aws:iam::034926093461:policy/opensearch-describe-ec2",
            "policy_arn": "arn:aws:iam::034926093461:policy/opensearch-describe-ec2",
            "role": "opensearch-node-role"
          },
          "sensitive_attributes": [],
          "private": "bnVsbA==",
          "dependencies": [
            "module.opensearch_ec2.aws_iam_policy.describe_ec2",
            "module.opensearch_ec2.aws_iam_role.node",
            "module.opensearch_ec2.data.aws_iam_policy_document.assume_ec2",
            "module.opensearch_ec2.data.aws_iam_policy_document.describe_ec2"
          ]
        }
      ]
    },
    {
      "module": "module.opensearch_ec2",
      "mode": "managed",
      "type": "aws_instance",
      "name": "node",
      "provider": "provider[\"registry.terraform.io/hashicorp/aws\"]",
      "instances": [
        {
          "index_key": 0,
          "schema_version": 2,
          "attributes": {
            "ami": "ami-020cba7c55df1f615",
            "arn": "arn:aws:ec2:us-east-1:034926093461:instance/i-0ae8c5c4e3a01167f",
            "associate_public_ip_address": true,
            "availability_zone": "us-east-1d",
            "capacity_reservation_specification": [
              {
                "capacity_reservation_preference": "open",
                "capacity_reservation_target": []
              }
            ],
            "cpu_options": [
              {
                "amd_sev_snp": "",
                "core_count": 2,
                "threads_per_core": 2
              }
            ],
            "credit_specification": [
              {
                "cpu_credits": "unlimited"
              }
            ],
            "disable_api_stop": false,
            "disable_api_termination": false,
            "ebs_block_device": [
              {
                "delete_on_termination": true,
                "device_name": "/dev/sdh",
                "encrypted": true,
                "iops": 3000,
                "kms_key_id": "arn:aws:kms:us-east-1:034926093461:key/1edd56d0-2f0a-4021-8033-9367e7ee0752",
                "snapshot_id": "",
                "tags": {},
                "tags_all": {},
                "throughput": 125,
                "volume_id": "vol-0e0c71f3937856bdc",
                "volume_size": 50,
                "volume_type": "gp3"
              }
            ],
            "ebs_optimized": false,
            "enable_primary_ipv6": null,
            "enclave_options": [
              {
                "enabled": false
              }
            ],
            "ephemeral_block_device": [],
            "force_destroy": false,
            "get_password_data": false,
            "hibernation": false,
            "host_id": "",
            "host_resource_group_arn": null,
            "iam_instance_profile": "opensearch-instance-profile",
            "id": "i-0ae8c5c4e3a01167f",
            "instance_initiated_shutdown_behavior": "stop",
            "instance_lifecycle": "",
            "instance_market_options": [],
            "instance_state": "running",
            "instance_type": "t3.xlarge",
            "ipv6_address_count": 0,
            "ipv6_addresses": [],
            "key_name": "TEST",
            "launch_template": [],
            "maintenance_options": [
              {
                "auto_recovery": "default"
              }
            ],
            "metadata_options": [
              {
                "http_endpoint": "enabled",
                "http_protocol_ipv6": "disabled",
                "http_put_response_hop_limit": 2,
                "http_tokens": "required",
                "instance_metadata_tags": "disabled"
              }
            ],
            "monitoring": false,
            "network_interface": [],
            "outpost_arn": "",
            "password_data": "",
            "placement_group": "",
            "placement_partition_number": 0,
            "primary_network_interface_id": "eni-0217d7c8fad1bcea9",
            "private_dns": "ip-172-31-24-130.ec2.internal",
            "private_dns_name_options": [
              {
                "enable_resource_name_dns_a_record": false,
                "enable_resource_name_dns_aaaa_record": false,
                "hostname_type": "ip-name"
              }
            ],
            "private_ip": "172.31.24.130",
            "public_dns": "ec2-54-144-243-230.compute-1.amazonaws.com",
            "public_ip": "54.144.243.230",
            "region": "us-east-1",
            "root_block_device": [
              {
                "delete_on_termination": true,
                "device_name": "/dev/sda1",
                "encrypted": false,
                "iops": 3000,
                "kms_key_id": "",
                "tags": {},
                "tags_all": {},
                "throughput": 125,
                "volume_id": "vol-00291f8e81f405032",
                "volume_size": 8,
                "volume_type": "gp3"
              }
            ],
            "secondary_private_ips": [],
            "security_groups": [
              "launch-wizard-1",
              "opensearch-os-sg"
            ],
            "source_dest_check": true,
            "spot_instance_request_id": "",
            "subnet_id": "subnet-008092de0af41925a",
            "tags": {
              "Name": "opensearch-0",
              "OpenSearchCluster": "opensearch-nonprod",
              "backup": "daily7",
              "name": "opensearch",
              "nvironment": "nonprod",
              "owner": "plat",
              "team": "sre"
            },
            "tags_all": {
              "Name": "opensearch-0",
              "OpenSearchCluster": "opensearch-nonprod",
              "backup": "daily7",
              "name": "opensearch",
              "nvironment": "nonprod",
              "owner": "plat",
              "team": "sre"
            },
            "tenancy": "default",
            "timeouts": null,
            "user_data": "    #!/bin/bash\r\n    set -euo pipefail\r\n\r\n    # Ensure tools (Amazon Linux/RHEL or Debian/Ubuntu)\r\n    yum -y install curl tar jq awscli 2\u003e/dev/null || (apt-get update \u0026\u0026 apt-get -y install curl jq awscli)\r\n\r\n    # Kernel / vm settings\r\n    sysctl -w vm.max_map_count=262144\r\n    echo \"vm.max_map_count=262144\" \u003e\u003e /etc/sysctl.conf\r\n\r\n    # Attach \u0026 format data volume if present\r\n    if lsblk | grep -q \"$(basename /dev/sdh)\"; then\r\n      mkfs.xfs /dev/sdh || true\r\n      mkdir -p /var/lib/opensearch\r\n      echo \"/dev/sdh /var/lib/opensearch xfs defaults,nofail 0 2\" \u003e\u003e /etc/fstab\r\n      mount -a || true\r\n    else\r\n      mkdir -p /var/lib/opensearch\r\n    fi\r\n\r\n    # Install OpenSearch 2.13.0\r\n    if [ -f /etc/os-release ]; then . /etc/os-release; fi\r\n    if [[ \"$ID\" == \"amzn\" || \"$ID_LIKE\" == *\"rhel\"* ]]; then\r\n      rpm --import https://artifacts.opensearch.org/publickeys/opensearch.pgp\r\n      cat \u003e/etc/yum.repos.d/opensearch.repo \u003c\u003c'REPO'\r\n[opensearch]\r\nname=OpenSearch repo\r\nbaseurl=https://artifacts.opensearch.org/releases/bundle/opensearch/2.13.0/rpm/\r\ngpgcheck=1\r\ngpgkey=https://artifacts.opensearch.org/publickeys/opensearch.pgp\r\nenabled=1\r\nautorefresh=1\r\ntype=rpm-md\r\nREPO\r\n      sed -i \"s|\\2.13.0|2.13.0|g\" /etc/yum.repos.d/opensearch.repo\r\n      yum -y install opensearch\r\n    else\r\n      curl -L -o /tmp/opensearch.tar.gz \"https://artifacts.opensearch.org/releases/bundle/opensearch/2.13.0/opensearch-2.13.0-linux-x64.tar.gz\"\r\n      mkdir -p /usr/share/opensearch\r\n      tar -xzf /tmp/opensearch.tar.gz --strip-components=1 -C /usr/share/opensearch\r\n      ln -sf /usr/share/opensearch/bin/opensearch /usr/bin/opensearch\r\n      id opensearch \u003e/dev/null 2\u003e\u00261 || useradd -r -M -d /usr/share/opensearch opensearch\r\n      chown -R opensearch:opensearch /usr/share/opensearch /var/lib/opensearch\r\n      cat \u003e/etc/systemd/system/opensearch.service \u003c\u003c'SVC'\r\n[Unit]\r\nDescription=OpenSearch\r\nAfter=network.target\r\n\r\n[Service]\r\nType=simple\r\nUser=opensearch\r\nGroup=opensearch\r\nLimitMEMLOCK=infinity\r\nEnvironment=OPENSEARCH_PATH_CONF=/usr/share/opensearch/config\r\nExecStart=/usr/share/opensearch/bin/opensearch\r\nRestart=always\r\n\r\n[Install]\r\nWantedBy=multi-user.target\r\nSVC\r\n      systemctl daemon-reload\r\n    fi\r\n\r\n    # Instance metadata (IMDSv2)\r\n    TOKEN=$(curl -sS -X PUT \"http://169.254.169.254/latest/api/token\" -H \"X-aws-ec2-metadata-token-ttl-seconds: 21600\")\r\n    REGION=$(curl -sS -H \"X-aws-ec2-metadata-token: ${TOKEN}\" http://169.254.169.254/latest/dynamic/instance-identity/document | jq -r .region)\r\n    INSTANCE_ID=$(curl -sS -H \"X-aws-ec2-metadata-token: ${TOKEN}\" http://169.254.169.254/latest/meta-data/instance-id)\r\n    LOCAL_IP=$(curl -sS -H \"X-aws-ec2-metadata-token: ${TOKEN}\" http://169.254.169.254/latest/meta-data/local-ipv4)\r\n\r\n    # Discover peers by tag within same cluster\r\n    FILTER_1=\"Name=tag:OpenSearchCluster,Values=opensearch-nonprod\"\r\n    FILTER_2=\"Name=instance-state-name,Values=running\"\r\n    SEEDS=$(aws ec2 describe-instances --region \"${REGION}\" --filters \"${FILTER_1}\" \"${FILTER_2}\" \\\r\n      | jq -r '.Reservations[].Instances[].PrivateIpAddress' \\\r\n      | grep -v \"^$\" | sort -u | tr '\\\\n' ',' | sed 's/,$//')\r\n\r\n    mkdir -p /etc/opensearch\r\n    cat \u003e/etc/opensearch/opensearch.yml \u003c\u003cYML\r\ncluster.name: opensearch-nonprod\r\nnode.name: ${HOSTNAME}\r\npath.data: /var/lib/opensearch\r\nnetwork.host: 0.0.0.0\r\nhttp.port: 9200\r\ntransport.port: 9300\r\ndiscovery.seed_hosts: [${SEEDS}]\r\ncluster.initial_master_nodes: [${SEEDS}]\r\nbootstrap.memory_lock: true\r\nplugins.security.disabled: true\r\nYML\r\n\r\n    # JVM heap\r\n    sed -i \"s/^-Xms.*/-Xms4g/\" /etc/opensearch/jvm.options || true\r\n    sed -i \"s/^-Xmx.*/-Xmx4g/\" /etc/opensearch/jvm.options || true\r\n\r\n    # Ensure memlock\r\n    if [ -f /etc/systemd/system/opensearch.service ]; then\r\n      grep -q '^LimitMEMLOCK=infinity' /etc/systemd/system/opensearch.service || echo 'LimitMEMLOCK=infinity' \u003e\u003e /etc/systemd/system/opensearch.service\r\n      systemctl daemon-reload\r\n    fi\r\n\r\n    systemctl enable opensearch\r\n    systemctl restart opensearch\r\n",
            "user_data_base64": null,
            "user_data_replace_on_change": false,
            "volume_tags": null,
            "vpc_security_group_ids": [
              "sg-0d8ff210281e0425c",
              "sg-0f2d66a2b6fd64227"
            ]
          },
          "sensitive_attributes": [],
          "private": "eyJlMmJmYjczMC1lY2FhLTExZTYtOGY4OC0zNDM2M2JjN2M0YzAiOnsiY3JlYXRlIjo2MDAwMDAwMDAwMDAsImRlbGV0ZSI6MTIwMDAwMDAwMDAwMCwicmVhZCI6OTAwMDAwMDAwMDAwLCJ1cGRhdGUiOjYwMDAwMDAwMDAwMH0sInNjaGVtYV92ZXJzaW9uIjoiMiJ9",
          "dependencies": [
            "module.opensearch_ec2.aws_iam_instance_profile.node",
            "module.opensearch_ec2.aws_iam_role.node",
            "module.opensearch_ec2.aws_security_group.os",
            "module.opensearch_ec2.data.aws_iam_policy_document.assume_ec2",
            "module.opensearch_ec2.data.aws_subnet.selected"
          ]
        },
        {
          "index_key": 1,
          "schema_version": 2,
          "attributes": {
            "ami": "ami-020cba7c55df1f615",
            "arn": "arn:aws:ec2:us-east-1:034926093461:instance/i-0f1e89f5308ca44f3",
            "associate_public_ip_address": true,
            "availability_zone": "us-east-1d",
            "capacity_reservation_specification": [
              {
                "capacity_reservation_preference": "open",
                "capacity_reservation_target": []
              }
            ],
            "cpu_options": [
              {
                "amd_sev_snp": "",
                "core_count": 2,
                "threads_per_core": 2
              }
            ],
            "credit_specification": [
              {
                "cpu_credits": "unlimited"
              }
            ],
            "disable_api_stop": false,
            "disable_api_termination": false,
            "ebs_block_device": [
              {
                "delete_on_termination": true,
                "device_name": "/dev/sdh",
                "encrypted": true,
                "iops": 3000,
                "kms_key_id": "arn:aws:kms:us-east-1:034926093461:key/1edd56d0-2f0a-4021-8033-9367e7ee0752",
                "snapshot_id": "",
                "tags": {},
                "tags_all": {},
                "throughput": 125,
                "volume_id": "vol-0173a75b31ab4343b",
                "volume_size": 50,
                "volume_type": "gp3"
              }
            ],
            "ebs_optimized": false,
            "enable_primary_ipv6": null,
            "enclave_options": [
              {
                "enabled": false
              }
            ],
            "ephemeral_block_device": [],
            "force_destroy": false,
            "get_password_data": false,
            "hibernation": false,
            "host_id": "",
            "host_resource_group_arn": null,
            "iam_instance_profile": "opensearch-instance-profile",
            "id": "i-0f1e89f5308ca44f3",
            "instance_initiated_shutdown_behavior": "stop",
            "instance_lifecycle": "",
            "instance_market_options": [],
            "instance_state": "running",
            "instance_type": "t3.xlarge",
            "ipv6_address_count": 0,
            "ipv6_addresses": [],
            "key_name": "TEST",
            "launch_template": [],
            "maintenance_options": [
              {
                "auto_recovery": "default"
              }
            ],
            "metadata_options": [
              {
                "http_endpoint": "enabled",
                "http_protocol_ipv6": "disabled",
                "http_put_response_hop_limit": 2,
                "http_tokens": "required",
                "instance_metadata_tags": "disabled"
              }
            ],
            "monitoring": false,
            "network_interface": [],
            "outpost_arn": "",
            "password_data": "",
            "placement_group": "",
            "placement_partition_number": 0,
            "primary_network_interface_id": "eni-0351ea651482f790d",
            "private_dns": "ip-172-31-23-42.ec2.internal",
            "private_dns_name_options": [
              {
                "enable_resource_name_dns_a_record": false,
                "enable_resource_name_dns_aaaa_record": false,
                "hostname_type": "ip-name"
              }
            ],
            "private_ip": "172.31.23.42",
            "public_dns": "ec2-98-80-72-38.compute-1.amazonaws.com",
            "public_ip": "98.80.72.38",
            "region": "us-east-1",
            "root_block_device": [
              {
                "delete_on_termination": true,
                "device_name": "/dev/sda1",
                "encrypted": false,
                "iops": 3000,
                "kms_key_id": "",
                "tags": {},
                "tags_all": {},
                "throughput": 125,
                "volume_id": "vol-04ab41fd71eec89ae",
                "volume_size": 8,
                "volume_type": "gp3"
              }
            ],
            "secondary_private_ips": [],
            "security_groups": [
              "launch-wizard-1",
              "opensearch-os-sg"
            ],
            "source_dest_check": true,
            "spot_instance_request_id": "",
            "subnet_id": "subnet-008092de0af41925a",
            "tags": {
              "Name": "opensearch-1",
              "OpenSearchCluster": "opensearch-nonprod",
              "backup": "daily7",
              "name": "opensearch",
              "nvironment": "nonprod",
              "owner": "plat",
              "team": "sre"
            },
            "tags_all": {
              "Name": "opensearch-1",
              "OpenSearchCluster": "opensearch-nonprod",
              "backup": "daily7",
              "name": "opensearch",
              "nvironment": "nonprod",
              "owner": "plat",
              "team": "sre"
            },
            "tenancy": "default",
            "timeouts": null,
            "user_data": "    #!/bin/bash\r\n    set -euo pipefail\r\n\r\n    # Ensure tools (Amazon Linux/RHEL or Debian/Ubuntu)\r\n    yum -y install curl tar jq awscli 2\u003e/dev/null || (apt-get update \u0026\u0026 apt-get -y install curl jq awscli)\r\n\r\n    # Kernel / vm settings\r\n    sysctl -w vm.max_map_count=262144\r\n    echo \"vm.max_map_count=262144\" \u003e\u003e /etc/sysctl.conf\r\n\r\n    # Attach \u0026 format data volume if present\r\n    if lsblk | grep -q \"$(basename /dev/sdh)\"; then\r\n      mkfs.xfs /dev/sdh || true\r\n      mkdir -p /var/lib/opensearch\r\n      echo \"/dev/sdh /var/lib/opensearch xfs defaults,nofail 0 2\" \u003e\u003e /etc/fstab\r\n      mount -a || true\r\n    else\r\n      mkdir -p /var/lib/opensearch\r\n    fi\r\n\r\n    # Install OpenSearch 2.13.0\r\n    if [ -f /etc/os-release ]; then . /etc/os-release; fi\r\n    if [[ \"$ID\" == \"amzn\" || \"$ID_LIKE\" == *\"rhel\"* ]]; then\r\n      rpm --import https://artifacts.opensearch.org/publickeys/opensearch.pgp\r\n      cat \u003e/etc/yum.repos.d/opensearch.repo \u003c\u003c'REPO'\r\n[opensearch]\r\nname=OpenSearch repo\r\nbaseurl=https://artifacts.opensearch.org/releases/bundle/opensearch/2.13.0/rpm/\r\ngpgcheck=1\r\ngpgkey=https://artifacts.opensearch.org/publickeys/opensearch.pgp\r\nenabled=1\r\nautorefresh=1\r\ntype=rpm-md\r\nREPO\r\n      sed -i \"s|\\2.13.0|2.13.0|g\" /etc/yum.repos.d/opensearch.repo\r\n      yum -y install opensearch\r\n    else\r\n      curl -L -o /tmp/opensearch.tar.gz \"https://artifacts.opensearch.org/releases/bundle/opensearch/2.13.0/opensearch-2.13.0-linux-x64.tar.gz\"\r\n      mkdir -p /usr/share/opensearch\r\n      tar -xzf /tmp/opensearch.tar.gz --strip-components=1 -C /usr/share/opensearch\r\n      ln -sf /usr/share/opensearch/bin/opensearch /usr/bin/opensearch\r\n      id opensearch \u003e/dev/null 2\u003e\u00261 || useradd -r -M -d /usr/share/opensearch opensearch\r\n      chown -R opensearch:opensearch /usr/share/opensearch /var/lib/opensearch\r\n      cat \u003e/etc/systemd/system/opensearch.service \u003c\u003c'SVC'\r\n[Unit]\r\nDescription=OpenSearch\r\nAfter=network.target\r\n\r\n[Service]\r\nType=simple\r\nUser=opensearch\r\nGroup=opensearch\r\nLimitMEMLOCK=infinity\r\nEnvironment=OPENSEARCH_PATH_CONF=/usr/share/opensearch/config\r\nExecStart=/usr/share/opensearch/bin/opensearch\r\nRestart=always\r\n\r\n[Install]\r\nWantedBy=multi-user.target\r\nSVC\r\n      systemctl daemon-reload\r\n    fi\r\n\r\n    # Instance metadata (IMDSv2)\r\n    TOKEN=$(curl -sS -X PUT \"http://169.254.169.254/latest/api/token\" -H \"X-aws-ec2-metadata-token-ttl-seconds: 21600\")\r\n    REGION=$(curl -sS -H \"X-aws-ec2-metadata-token: ${TOKEN}\" http://169.254.169.254/latest/dynamic/instance-identity/document | jq -r .region)\r\n    INSTANCE_ID=$(curl -sS -H \"X-aws-ec2-metadata-token: ${TOKEN}\" http://169.254.169.254/latest/meta-data/instance-id)\r\n    LOCAL_IP=$(curl -sS -H \"X-aws-ec2-metadata-token: ${TOKEN}\" http://169.254.169.254/latest/meta-data/local-ipv4)\r\n\r\n    # Discover peers by tag within same cluster\r\n    FILTER_1=\"Name=tag:OpenSearchCluster,Values=opensearch-nonprod\"\r\n    FILTER_2=\"Name=instance-state-name,Values=running\"\r\n    SEEDS=$(aws ec2 describe-instances --region \"${REGION}\" --filters \"${FILTER_1}\" \"${FILTER_2}\" \\\r\n      | jq -r '.Reservations[].Instances[].PrivateIpAddress' \\\r\n      | grep -v \"^$\" | sort -u | tr '\\\\n' ',' | sed 's/,$//')\r\n\r\n    mkdir -p /etc/opensearch\r\n    cat \u003e/etc/opensearch/opensearch.yml \u003c\u003cYML\r\ncluster.name: opensearch-nonprod\r\nnode.name: ${HOSTNAME}\r\npath.data: /var/lib/opensearch\r\nnetwork.host: 0.0.0.0\r\nhttp.port: 9200\r\ntransport.port: 9300\r\ndiscovery.seed_hosts: [${SEEDS}]\r\ncluster.initial_master_nodes: [${SEEDS}]\r\nbootstrap.memory_lock: true\r\nplugins.security.disabled: true\r\nYML\r\n\r\n    # JVM heap\r\n    sed -i \"s/^-Xms.*/-Xms4g/\" /etc/opensearch/jvm.options || true\r\n    sed -i \"s/^-Xmx.*/-Xmx4g/\" /etc/opensearch/jvm.options || true\r\n\r\n    # Ensure memlock\r\n    if [ -f /etc/systemd/system/opensearch.service ]; then\r\n      grep -q '^LimitMEMLOCK=infinity' /etc/systemd/system/opensearch.service || echo 'LimitMEMLOCK=infinity' \u003e\u003e /etc/systemd/system/opensearch.service\r\n      systemctl daemon-reload\r\n    fi\r\n\r\n    systemctl enable opensearch\r\n    systemctl restart opensearch\r\n",
            "user_data_base64": null,
            "user_data_replace_on_change": false,
            "volume_tags": null,
            "vpc_security_group_ids": [
              "sg-0d8ff210281e0425c",
              "sg-0f2d66a2b6fd64227"
            ]
          },
          "sensitive_attributes": [],
          "private": "eyJlMmJmYjczMC1lY2FhLTExZTYtOGY4OC0zNDM2M2JjN2M0YzAiOnsiY3JlYXRlIjo2MDAwMDAwMDAwMDAsImRlbGV0ZSI6MTIwMDAwMDAwMDAwMCwicmVhZCI6OTAwMDAwMDAwMDAwLCJ1cGRhdGUiOjYwMDAwMDAwMDAwMH0sInNjaGVtYV92ZXJzaW9uIjoiMiJ9",
          "dependencies": [
            "module.opensearch_ec2.aws_iam_instance_profile.node",
            "module.opensearch_ec2.aws_iam_role.node",
            "module.opensearch_ec2.aws_security_group.os",
            "module.opensearch_ec2.data.aws_iam_policy_document.assume_ec2",
            "module.opensearch_ec2.data.aws_subnet.selected"
          ]
        },
        {
          "index_key": 2,
          "schema_version": 2,
          "attributes": {
            "ami": "ami-020cba7c55df1f615",
            "arn": "arn:aws:ec2:us-east-1:034926093461:instance/i-0af47bf897b7629fb",
            "associate_public_ip_address": true,
            "availability_zone": "us-east-1d",
            "capacity_reservation_specification": [
              {
                "capacity_reservation_preference": "open",
                "capacity_reservation_target": []
              }
            ],
            "cpu_options": [
              {
                "amd_sev_snp": "",
                "core_count": 2,
                "threads_per_core": 2
              }
            ],
            "credit_specification": [
              {
                "cpu_credits": "unlimited"
              }
            ],
            "disable_api_stop": false,
            "disable_api_termination": false,
            "ebs_block_device": [
              {
                "delete_on_termination": true,
                "device_name": "/dev/sdh",
                "encrypted": true,
                "iops": 3000,
                "kms_key_id": "arn:aws:kms:us-east-1:034926093461:key/1edd56d0-2f0a-4021-8033-9367e7ee0752",
                "snapshot_id": "",
                "tags": {},
                "tags_all": {},
                "throughput": 125,
                "volume_id": "vol-04c4beff69e85883e",
                "volume_size": 50,
                "volume_type": "gp3"
              }
            ],
            "ebs_optimized": false,
            "enable_primary_ipv6": null,
            "enclave_options": [
              {
                "enabled": false
              }
            ],
            "ephemeral_block_device": [],
            "force_destroy": false,
            "get_password_data": false,
            "hibernation": false,
            "host_id": "",
            "host_resource_group_arn": null,
            "iam_instance_profile": "opensearch-instance-profile",
            "id": "i-0af47bf897b7629fb",
            "instance_initiated_shutdown_behavior": "stop",
            "instance_lifecycle": "",
            "instance_market_options": [],
            "instance_state": "running",
            "instance_type": "t3.xlarge",
            "ipv6_address_count": 0,
            "ipv6_addresses": [],
            "key_name": "TEST",
            "launch_template": [],
            "maintenance_options": [
              {
                "auto_recovery": "default"
              }
            ],
            "metadata_options": [
              {
                "http_endpoint": "enabled",
                "http_protocol_ipv6": "disabled",
                "http_put_response_hop_limit": 2,
                "http_tokens": "required",
                "instance_metadata_tags": "disabled"
              }
            ],
            "monitoring": false,
            "network_interface": [],
            "outpost_arn": "",
            "password_data": "",
            "placement_group": "",
            "placement_partition_number": 0,
            "primary_network_interface_id": "eni-02e509b965f1eac8e",
            "private_dns": "ip-172-31-28-176.ec2.internal",
            "private_dns_name_options": [
              {
                "enable_resource_name_dns_a_record": false,
                "enable_resource_name_dns_aaaa_record": false,
                "hostname_type": "ip-name"
              }
            ],
            "private_ip": "172.31.28.176",
            "public_dns": "ec2-34-224-64-18.compute-1.amazonaws.com",
            "public_ip": "34.224.64.18",
            "region": "us-east-1",
            "root_block_device": [
              {
                "delete_on_termination": true,
                "device_name": "/dev/sda1",
                "encrypted": false,
                "iops": 3000,
                "kms_key_id": "",
                "tags": {},
                "tags_all": {},
                "throughput": 125,
                "volume_id": "vol-053d39d1197dd14d1",
                "volume_size": 8,
                "volume_type": "gp3"
              }
            ],
            "secondary_private_ips": [],
            "security_groups": [
              "launch-wizard-1",
              "opensearch-os-sg"
            ],
            "source_dest_check": true,
            "spot_instance_request_id": "",
            "subnet_id": "subnet-008092de0af41925a",
            "tags": {
              "Name": "opensearch-2",
              "OpenSearchCluster": "opensearch-nonprod",
              "backup": "daily7",
              "name": "opensearch",
              "nvironment": "nonprod",
              "owner": "plat",
              "team": "sre"
            },
            "tags_all": {
              "Name": "opensearch-2",
              "OpenSearchCluster": "opensearch-nonprod",
              "backup": "daily7",
              "name": "opensearch",
              "nvironment": "nonprod",
              "owner": "plat",
              "team": "sre"
            },
            "tenancy": "default",
            "timeouts": null,
            "user_data": "    #!/bin/bash\r\n    set -euo pipefail\r\n\r\n    # Ensure tools (Amazon Linux/RHEL or Debian/Ubuntu)\r\n    yum -y install curl tar jq awscli 2\u003e/dev/null || (apt-get update \u0026\u0026 apt-get -y install curl jq awscli)\r\n\r\n    # Kernel / vm settings\r\n    sysctl -w vm.max_map_count=262144\r\n    echo \"vm.max_map_count=262144\" \u003e\u003e /etc/sysctl.conf\r\n\r\n    # Attach \u0026 format data volume if present\r\n    if lsblk | grep -q \"$(basename /dev/sdh)\"; then\r\n      mkfs.xfs /dev/sdh || true\r\n      mkdir -p /var/lib/opensearch\r\n      echo \"/dev/sdh /var/lib/opensearch xfs defaults,nofail 0 2\" \u003e\u003e /etc/fstab\r\n      mount -a || true\r\n    else\r\n      mkdir -p /var/lib/opensearch\r\n    fi\r\n\r\n    # Install OpenSearch 2.13.0\r\n    if [ -f /etc/os-release ]; then . /etc/os-release; fi\r\n    if [[ \"$ID\" == \"amzn\" || \"$ID_LIKE\" == *\"rhel\"* ]]; then\r\n      rpm --import https://artifacts.opensearch.org/publickeys/opensearch.pgp\r\n      cat \u003e/etc/yum.repos.d/opensearch.repo \u003c\u003c'REPO'\r\n[opensearch]\r\nname=OpenSearch repo\r\nbaseurl=https://artifacts.opensearch.org/releases/bundle/opensearch/2.13.0/rpm/\r\ngpgcheck=1\r\ngpgkey=https://artifacts.opensearch.org/publickeys/opensearch.pgp\r\nenabled=1\r\nautorefresh=1\r\ntype=rpm-md\r\nREPO\r\n      sed -i \"s|\\2.13.0|2.13.0|g\" /etc/yum.repos.d/opensearch.repo\r\n      yum -y install opensearch\r\n    else\r\n      curl -L -o /tmp/opensearch.tar.gz \"https://artifacts.opensearch.org/releases/bundle/opensearch/2.13.0/opensearch-2.13.0-linux-x64.tar.gz\"\r\n      mkdir -p /usr/share/opensearch\r\n      tar -xzf /tmp/opensearch.tar.gz --strip-components=1 -C /usr/share/opensearch\r\n      ln -sf /usr/share/opensearch/bin/opensearch /usr/bin/opensearch\r\n      id opensearch \u003e/dev/null 2\u003e\u00261 || useradd -r -M -d /usr/share/opensearch opensearch\r\n      chown -R opensearch:opensearch /usr/share/opensearch /var/lib/opensearch\r\n      cat \u003e/etc/systemd/system/opensearch.service \u003c\u003c'SVC'\r\n[Unit]\r\nDescription=OpenSearch\r\nAfter=network.target\r\n\r\n[Service]\r\nType=simple\r\nUser=opensearch\r\nGroup=opensearch\r\nLimitMEMLOCK=infinity\r\nEnvironment=OPENSEARCH_PATH_CONF=/usr/share/opensearch/config\r\nExecStart=/usr/share/opensearch/bin/opensearch\r\nRestart=always\r\n\r\n[Install]\r\nWantedBy=multi-user.target\r\nSVC\r\n      systemctl daemon-reload\r\n    fi\r\n\r\n    # Instance metadata (IMDSv2)\r\n    TOKEN=$(curl -sS -X PUT \"http://169.254.169.254/latest/api/token\" -H \"X-aws-ec2-metadata-token-ttl-seconds: 21600\")\r\n    REGION=$(curl -sS -H \"X-aws-ec2-metadata-token: ${TOKEN}\" http://169.254.169.254/latest/dynamic/instance-identity/document | jq -r .region)\r\n    INSTANCE_ID=$(curl -sS -H \"X-aws-ec2-metadata-token: ${TOKEN}\" http://169.254.169.254/latest/meta-data/instance-id)\r\n    LOCAL_IP=$(curl -sS -H \"X-aws-ec2-metadata-token: ${TOKEN}\" http://169.254.169.254/latest/meta-data/local-ipv4)\r\n\r\n    # Discover peers by tag within same cluster\r\n    FILTER_1=\"Name=tag:OpenSearchCluster,Values=opensearch-nonprod\"\r\n    FILTER_2=\"Name=instance-state-name,Values=running\"\r\n    SEEDS=$(aws ec2 describe-instances --region \"${REGION}\" --filters \"${FILTER_1}\" \"${FILTER_2}\" \\\r\n      | jq -r '.Reservations[].Instances[].PrivateIpAddress' \\\r\n      | grep -v \"^$\" | sort -u | tr '\\\\n' ',' | sed 's/,$//')\r\n\r\n    mkdir -p /etc/opensearch\r\n    cat \u003e/etc/opensearch/opensearch.yml \u003c\u003cYML\r\ncluster.name: opensearch-nonprod\r\nnode.name: ${HOSTNAME}\r\npath.data: /var/lib/opensearch\r\nnetwork.host: 0.0.0.0\r\nhttp.port: 9200\r\ntransport.port: 9300\r\ndiscovery.seed_hosts: [${SEEDS}]\r\ncluster.initial_master_nodes: [${SEEDS}]\r\nbootstrap.memory_lock: true\r\nplugins.security.disabled: true\r\nYML\r\n\r\n    # JVM heap\r\n    sed -i \"s/^-Xms.*/-Xms4g/\" /etc/opensearch/jvm.options || true\r\n    sed -i \"s/^-Xmx.*/-Xmx4g/\" /etc/opensearch/jvm.options || true\r\n\r\n    # Ensure memlock\r\n    if [ -f /etc/systemd/system/opensearch.service ]; then\r\n      grep -q '^LimitMEMLOCK=infinity' /etc/systemd/system/opensearch.service || echo 'LimitMEMLOCK=infinity' \u003e\u003e /etc/systemd/system/opensearch.service\r\n      systemctl daemon-reload\r\n    fi\r\n\r\n    systemctl enable opensearch\r\n    systemctl restart opensearch\r\n",
            "user_data_base64": null,
            "user_data_replace_on_change": false,
            "volume_tags": null,
            "vpc_security_group_ids": [
              "sg-0d8ff210281e0425c",
              "sg-0f2d66a2b6fd64227"
            ]
          },
          "sensitive_attributes": [],
          "private": "eyJlMmJmYjczMC1lY2FhLTExZTYtOGY4OC0zNDM2M2JjN2M0YzAiOnsiY3JlYXRlIjo2MDAwMDAwMDAwMDAsImRlbGV0ZSI6MTIwMDAwMDAwMDAwMCwicmVhZCI6OTAwMDAwMDAwMDAwLCJ1cGRhdGUiOjYwMDAwMDAwMDAwMH0sInNjaGVtYV92ZXJzaW9uIjoiMiJ9",
          "dependencies": [
            "module.opensearch_ec2.aws_iam_instance_profile.node",
            "module.opensearch_ec2.aws_iam_role.node",
            "module.opensearch_ec2.aws_security_group.os",
            "module.opensearch_ec2.data.aws_iam_policy_document.assume_ec2",
            "module.opensearch_ec2.data.aws_subnet.selected"
          ]
        }
      ]
    },
    {
      "module": "module.opensearch_ec2",
      "mode": "managed",
      "type": "aws_security_group",
      "name": "os",
      "provider": "provider[\"registry.terraform.io/hashicorp/aws\"]",
      "instances": [
        {
          "schema_version": 1,
          "attributes": {
            "arn": "arn:aws:ec2:us-east-1:034926093461:security-group/sg-0f2d66a2b6fd64227",
            "description": "OpenSearch EC2 cluster SG",
            "egress": [
              {
                "cidr_blocks": [
                  "0.0.0.0/0"
                ],
                "description": "",
                "from_port": 0,
                "ipv6_cidr_blocks": [],
                "prefix_list_ids": [],
                "protocol": "-1",
                "security_groups": [],
                "self": false,
                "to_port": 0
              }
            ],
            "id": "sg-0f2d66a2b6fd64227",
            "ingress": [
              {
                "cidr_blocks": [],
                "description": "HTTP (9200) from self",
                "from_port": 9200,
                "ipv6_cidr_blocks": [],
                "prefix_list_ids": [],
                "protocol": "tcp",
                "security_groups": [],
                "self": true,
                "to_port": 9200
              },
              {
                "cidr_blocks": [],
                "description": "Transport (9300) from self",
                "from_port": 9300,
                "ipv6_cidr_blocks": [],
                "prefix_list_ids": [],
                "protocol": "tcp",
                "security_groups": [],
                "self": true,
                "to_port": 9300
              }
            ],
            "name": "opensearch-os-sg",
            "name_prefix": "",
            "owner_id": "034926093461",
            "region": "us-east-1",
            "revoke_rules_on_delete": false,
            "tags": {
              "Name": "opensearch-os-sg",
              "backup": "daily7",
              "name": "opensearch",
              "nvironment": "nonprod",
              "owner": "plat",
              "team": "sre"
            },
            "tags_all": {
              "Name": "opensearch-os-sg",
              "backup": "daily7",
              "name": "opensearch",
              "nvironment": "nonprod",
              "owner": "plat",
              "team": "sre"
            },
            "timeouts": null,
            "vpc_id": "vpc-07c643dd2f0f0781a"
          },
          "sensitive_attributes": [],
          "private": "eyJlMmJmYjczMC1lY2FhLTExZTYtOGY4OC0zNDM2M2JjN2M0YzAiOnsiY3JlYXRlIjo2MDAwMDAwMDAwMDAsImRlbGV0ZSI6OTAwMDAwMDAwMDAwfSwic2NoZW1hX3ZlcnNpb24iOiIxIn0=",
          "dependencies": [
            "module.opensearch_ec2.data.aws_subnet.selected"
          ]
        }
      ]
    }
  ],
  "check_results": null
}
